// !$*UTF8*$!
{
	archiveVersion = 1;
	classes = {
	};
	objectVersion = 48;
	objects = {

/* Begin PBXBuildFile section */
		AB8A1CF8204AB2A900F8F9FD /* ios11-weather-snow-icon.png in Resources */ = {isa = PBXBuildFile; fileRef = AB8A1CEA204AB2A800F8F9FD /* ios11-weather-snow-icon.png */; };
		AB8A1CF9204AB2A900F8F9FD /* ios11-weather-sunny-icon.png in Resources */ = {isa = PBXBuildFile; fileRef = AB8A1CEB204AB2A800F8F9FD /* ios11-weather-sunny-icon.png */; };
		AB8A1CFA204AB2A900F8F9FD /* ios11-weather-snow-sleet-icon.png in Resources */ = {isa = PBXBuildFile; fileRef = AB8A1CEC204AB2A800F8F9FD /* ios11-weather-snow-sleet-icon.png */; };
		AB8A1CFB204AB2A900F8F9FD /* ios11-weather-hail-icon.png in Resources */ = {isa = PBXBuildFile; fileRef = AB8A1CED204AB2A800F8F9FD /* ios11-weather-hail-icon.png */; };
		AB8A1CFC204AB2A900F8F9FD /* ios11-weather-rain-icon.png in Resources */ = {isa = PBXBuildFile; fileRef = AB8A1CEE204AB2A800F8F9FD /* ios11-weather-rain-icon.png */; };
		AB8A1CFD204AB2A900F8F9FD /* ios11-weather-cloudy-icon.png in Resources */ = {isa = PBXBuildFile; fileRef = AB8A1CEF204AB2A800F8F9FD /* ios11-weather-cloudy-icon.png */; };
		AB8A1CFE204AB2A900F8F9FD /* ios11-weather-thunderstorm-icon.png in Resources */ = {isa = PBXBuildFile; fileRef = AB8A1CF0204AB2A800F8F9FD /* ios11-weather-thunderstorm-icon.png */; };
		AB8A1CFF204AB2A900F8F9FD /* ios11-weather-smoke-icon.png in Resources */ = {isa = PBXBuildFile; fileRef = AB8A1CF1204AB2A900F8F9FD /* ios11-weather-smoke-icon.png */; };
		AB8A1D00204AB2A900F8F9FD /* ios11-weather-heavy-rain-icon.png in Resources */ = {isa = PBXBuildFile; fileRef = AB8A1CF2204AB2A900F8F9FD /* ios11-weather-heavy-rain-icon.png */; };
		AB8A1D01204AB2A900F8F9FD /* ios11-weather-dust-icon.png in Resources */ = {isa = PBXBuildFile; fileRef = AB8A1CF3204AB2A900F8F9FD /* ios11-weather-dust-icon.png */; };
		AB8A1D02204AB2A900F8F9FD /* ios11-weather-fog-icon.png in Resources */ = {isa = PBXBuildFile; fileRef = AB8A1CF4204AB2A900F8F9FD /* ios11-weather-fog-icon.png */; };
		AB8A1D03204AB2A900F8F9FD /* ios11-weather-blowing-snow-icon.png in Resources */ = {isa = PBXBuildFile; fileRef = AB8A1CF5204AB2A900F8F9FD /* ios11-weather-blowing-snow-icon.png */; };
		AB8A1D04204AB2A900F8F9FD /* ios11-weather-partly-sunny-icon.png in Resources */ = {isa = PBXBuildFile; fileRef = AB8A1CF6204AB2A900F8F9FD /* ios11-weather-partly-sunny-icon.png */; };
		AB8A1D05204AB2A900F8F9FD /* ios11-weather-scattered-snow-icon.png in Resources */ = {isa = PBXBuildFile; fileRef = AB8A1CF7204AB2A900F8F9FD /* ios11-weather-scattered-snow-icon.png */; };
		AB8A1D07204AB3B700F8F9FD /* no_icon.png in Resources */ = {isa = PBXBuildFile; fileRef = AB8A1D06204AB3B600F8F9FD /* no_icon.png */; };
		ABD2F0972049298B00B86F35 /* AppDelegate.swift in Sources */ = {isa = PBXBuildFile; fileRef = ABD2F0962049298B00B86F35 /* AppDelegate.swift */; };
		ABD2F0992049298B00B86F35 /* ViewController.swift in Sources */ = {isa = PBXBuildFile; fileRef = ABD2F0982049298B00B86F35 /* ViewController.swift */; };
		ABD2F09C2049298B00B86F35 /* Main.storyboard in Resources */ = {isa = PBXBuildFile; fileRef = ABD2F09A2049298B00B86F35 /* Main.storyboard */; };
		ABD2F09E2049298B00B86F35 /* Assets.xcassets in Resources */ = {isa = PBXBuildFile; fileRef = ABD2F09D2049298B00B86F35 /* Assets.xcassets */; };
		ABD2F0A12049298B00B86F35 /* LaunchScreen.storyboard in Resources */ = {isa = PBXBuildFile; fileRef = ABD2F09F2049298B00B86F35 /* LaunchScreen.storyboard */; };
		ABD2F0AD2049409700B86F35 /* WeatherViewController.swift in Sources */ = {isa = PBXBuildFile; fileRef = ABD2F0AC2049409700B86F35 /* WeatherViewController.swift */; };
		ABD2F0B12049561A00B86F35 /* Reachability.swift in Sources */ = {isa = PBXBuildFile; fileRef = ABD2F0B02049561A00B86F35 /* Reachability.swift */; };
		ABD2F0C420495A5F00B86F35 /* RequestBuilder.swift in Sources */ = {isa = PBXBuildFile; fileRef = ABD2F0B520495A5F00B86F35 /* RequestBuilder.swift */; };
		ABD2F0C520495A5F00B86F35 /* Constants.swift in Sources */ = {isa = PBXBuildFile; fileRef = ABD2F0B720495A5F00B86F35 /* Constants.swift */; };
		ABD2F0C620495A5F00B86F35 /* EntityConverters.swift in Sources */ = {isa = PBXBuildFile; fileRef = ABD2F0B920495A5F00B86F35 /* EntityConverters.swift */; };
		ABD2F0C720495A5F00B86F35 /* Functions.swift in Sources */ = {isa = PBXBuildFile; fileRef = ABD2F0BB20495A5F00B86F35 /* Functions.swift */; };
		ABD2F0C820495A5F00B86F35 /* Models.swift in Sources */ = {isa = PBXBuildFile; fileRef = ABD2F0BD20495A5F00B86F35 /* Models.swift */; };
		ABD2F0C920495A5F00B86F35 /* NetworkManager.swift in Sources */ = {isa = PBXBuildFile; fileRef = ABD2F0BF20495A5F00B86F35 /* NetworkManager.swift */; };
		ABD2F0CA20495A5F00B86F35 /* OpenWeatherMapKit.swift in Sources */ = {isa = PBXBuildFile; fileRef = ABD2F0C020495A5F00B86F35 /* OpenWeatherMapKit.swift */; };
		ABD2F0CB20495A5F00B86F35 /* Info.plist in Resources */ = {isa = PBXBuildFile; fileRef = ABD2F0C220495A5F00B86F35 /* Info.plist */; };
		ABD2F0CF2049721100B86F35 /* WeatherDataManager.swift in Sources */ = {isa = PBXBuildFile; fileRef = ABD2F0CE2049721100B86F35 /* WeatherDataManager.swift */; };
		ABD2F0D520498A6700B86F35 /* CitiesDataSource.swift in Sources */ = {isa = PBXBuildFile; fileRef = ABD2F0D420498A6700B86F35 /* CitiesDataSource.swift */; };
		ABD2F0D92049D3D300B86F35 /* WeatherContentPage.xib in Resources */ = {isa = PBXBuildFile; fileRef = ABD2F0D82049D3D300B86F35 /* WeatherContentPage.xib */; };
/* End PBXBuildFile section */

/* Begin PBXFileReference section */
		AB8A1CEA204AB2A800F8F9FD /* ios11-weather-snow-icon.png */ = {isa = PBXFileReference; lastKnownFileType = image.png; path = "ios11-weather-snow-icon.png"; sourceTree = "<group>"; };
		AB8A1CEB204AB2A800F8F9FD /* ios11-weather-sunny-icon.png */ = {isa = PBXFileReference; lastKnownFileType = image.png; path = "ios11-weather-sunny-icon.png"; sourceTree = "<group>"; };
		AB8A1CEC204AB2A800F8F9FD /* ios11-weather-snow-sleet-icon.png */ = {isa = PBXFileReference; lastKnownFileType = image.png; path = "ios11-weather-snow-sleet-icon.png"; sourceTree = "<group>"; };
		AB8A1CED204AB2A800F8F9FD /* ios11-weather-hail-icon.png */ = {isa = PBXFileReference; lastKnownFileType = image.png; path = "ios11-weather-hail-icon.png"; sourceTree = "<group>"; };
		AB8A1CEE204AB2A800F8F9FD /* ios11-weather-rain-icon.png */ = {isa = PBXFileReference; lastKnownFileType = image.png; path = "ios11-weather-rain-icon.png"; sourceTree = "<group>"; };
		AB8A1CEF204AB2A800F8F9FD /* ios11-weather-cloudy-icon.png */ = {isa = PBXFileReference; lastKnownFileType = image.png; path = "ios11-weather-cloudy-icon.png"; sourceTree = "<group>"; };
		AB8A1CF0204AB2A800F8F9FD /* ios11-weather-thunderstorm-icon.png */ = {isa = PBXFileReference; lastKnownFileType = image.png; path = "ios11-weather-thunderstorm-icon.png"; sourceTree = "<group>"; };
		AB8A1CF1204AB2A900F8F9FD /* ios11-weather-smoke-icon.png */ = {isa = PBXFileReference; lastKnownFileType = image.png; path = "ios11-weather-smoke-icon.png"; sourceTree = "<group>"; };
		AB8A1CF2204AB2A900F8F9FD /* ios11-weather-heavy-rain-icon.png */ = {isa = PBXFileReference; lastKnownFileType = image.png; path = "ios11-weather-heavy-rain-icon.png"; sourceTree = "<group>"; };
		AB8A1CF3204AB2A900F8F9FD /* ios11-weather-dust-icon.png */ = {isa = PBXFileReference; lastKnownFileType = image.png; path = "ios11-weather-dust-icon.png"; sourceTree = "<group>"; };
		AB8A1CF4204AB2A900F8F9FD /* ios11-weather-fog-icon.png */ = {isa = PBXFileReference; lastKnownFileType = image.png; path = "ios11-weather-fog-icon.png"; sourceTree = "<group>"; };
		AB8A1CF5204AB2A900F8F9FD /* ios11-weather-blowing-snow-icon.png */ = {isa = PBXFileReference; lastKnownFileType = image.png; path = "ios11-weather-blowing-snow-icon.png"; sourceTree = "<group>"; };
		AB8A1CF6204AB2A900F8F9FD /* ios11-weather-partly-sunny-icon.png */ = {isa = PBXFileReference; lastKnownFileType = image.png; path = "ios11-weather-partly-sunny-icon.png"; sourceTree = "<group>"; };
		AB8A1CF7204AB2A900F8F9FD /* ios11-weather-scattered-snow-icon.png */ = {isa = PBXFileReference; lastKnownFileType = image.png; path = "ios11-weather-scattered-snow-icon.png"; sourceTree = "<group>"; };
		AB8A1D06204AB3B600F8F9FD /* no_icon.png */ = {isa = PBXFileReference; lastKnownFileType = image.png; path = no_icon.png; sourceTree = "<group>"; };
		ABD2F0932049298B00B86F35 /* TestBASquare.app */ = {isa = PBXFileReference; explicitFileType = wrapper.application; includeInIndex = 0; path = TestBASquare.app; sourceTree = BUILT_PRODUCTS_DIR; };
		ABD2F0962049298B00B86F35 /* AppDelegate.swift */ = {isa = PBXFileReference; lastKnownFileType = sourcecode.swift; path = AppDelegate.swift; sourceTree = "<group>"; };
		ABD2F0982049298B00B86F35 /* ViewController.swift */ = {isa = PBXFileReference; lastKnownFileType = sourcecode.swift; path = ViewController.swift; sourceTree = "<group>"; };
		ABD2F09B2049298B00B86F35 /* Base */ = {isa = PBXFileReference; lastKnownFileType = file.storyboard; name = Base; path = Base.lproj/Main.storyboard; sourceTree = "<group>"; };
		ABD2F09D2049298B00B86F35 /* Assets.xcassets */ = {isa = PBXFileReference; lastKnownFileType = folder.assetcatalog; path = Assets.xcassets; sourceTree = "<group>"; };
		ABD2F0A02049298B00B86F35 /* Base */ = {isa = PBXFileReference; lastKnownFileType = file.storyboard; name = Base; path = Base.lproj/LaunchScreen.storyboard; sourceTree = "<group>"; };
		ABD2F0A22049298B00B86F35 /* Info.plist */ = {isa = PBXFileReference; lastKnownFileType = text.plist.xml; path = Info.plist; sourceTree = "<group>"; };
		ABD2F0AC2049409700B86F35 /* WeatherViewController.swift */ = {isa = PBXFileReference; lastKnownFileType = sourcecode.swift; path = WeatherViewController.swift; sourceTree = "<group>"; };
		ABD2F0B02049561A00B86F35 /* Reachability.swift */ = {isa = PBXFileReference; fileEncoding = 4; lastKnownFileType = sourcecode.swift; path = Reachability.swift; sourceTree = "<group>"; };
		ABD2F0B520495A5F00B86F35 /* RequestBuilder.swift */ = {isa = PBXFileReference; fileEncoding = 4; lastKnownFileType = sourcecode.swift; path = RequestBuilder.swift; sourceTree = "<group>"; };
		ABD2F0B720495A5F00B86F35 /* Constants.swift */ = {isa = PBXFileReference; fileEncoding = 4; lastKnownFileType = sourcecode.swift; path = Constants.swift; sourceTree = "<group>"; };
		ABD2F0B920495A5F00B86F35 /* EntityConverters.swift */ = {isa = PBXFileReference; fileEncoding = 4; lastKnownFileType = sourcecode.swift; path = EntityConverters.swift; sourceTree = "<group>"; };
		ABD2F0BB20495A5F00B86F35 /* Functions.swift */ = {isa = PBXFileReference; fileEncoding = 4; lastKnownFileType = sourcecode.swift; path = Functions.swift; sourceTree = "<group>"; };
		ABD2F0BD20495A5F00B86F35 /* Models.swift */ = {isa = PBXFileReference; fileEncoding = 4; lastKnownFileType = sourcecode.swift; path = Models.swift; sourceTree = "<group>"; };
		ABD2F0BF20495A5F00B86F35 /* NetworkManager.swift */ = {isa = PBXFileReference; fileEncoding = 4; lastKnownFileType = sourcecode.swift; path = NetworkManager.swift; sourceTree = "<group>"; };
		ABD2F0C020495A5F00B86F35 /* OpenWeatherMapKit.swift */ = {isa = PBXFileReference; fileEncoding = 4; lastKnownFileType = sourcecode.swift; path = OpenWeatherMapKit.swift; sourceTree = "<group>"; };
		ABD2F0C220495A5F00B86F35 /* Info.plist */ = {isa = PBXFileReference; fileEncoding = 4; lastKnownFileType = text.plist.xml; path = Info.plist; sourceTree = "<group>"; };
		ABD2F0C320495A5F00B86F35 /* OpenWeatherMapKit.h */ = {isa = PBXFileReference; fileEncoding = 4; lastKnownFileType = sourcecode.c.h; path = OpenWeatherMapKit.h; sourceTree = "<group>"; };
		ABD2F0CE2049721100B86F35 /* WeatherDataManager.swift */ = {isa = PBXFileReference; lastKnownFileType = sourcecode.swift; path = WeatherDataManager.swift; sourceTree = "<group>"; };
		ABD2F0D420498A6700B86F35 /* CitiesDataSource.swift */ = {isa = PBXFileReference; lastKnownFileType = sourcecode.swift; path = CitiesDataSource.swift; sourceTree = "<group>"; };
		ABD2F0D82049D3D300B86F35 /* WeatherContentPage.xib */ = {isa = PBXFileReference; lastKnownFileType = file.xib; path = WeatherContentPage.xib; sourceTree = "<group>"; };
/* End PBXFileReference section */

/* Begin PBXFrameworksBuildPhase section */
		ABD2F0902049298B00B86F35 /* Frameworks */ = {
			isa = PBXFrameworksBuildPhase;
			buildActionMask = 2147483647;
			files = (
			);
			runOnlyForDeploymentPostprocessing = 0;
		};
/* End PBXFrameworksBuildPhase section */

/* Begin PBXGroup section */
		ABD2F08A2049298B00B86F35 = {
			isa = PBXGroup;
			children = (
				ABD2F0952049298B00B86F35 /* TestBASquare */,
				ABD2F0942049298B00B86F35 /* Products */,
			);
			sourceTree = "<group>";
		};
		ABD2F0942049298B00B86F35 /* Products */ = {
			isa = PBXGroup;
			children = (
				ABD2F0932049298B00B86F35 /* TestBASquare.app */,
			);
			name = Products;
			sourceTree = "<group>";
		};
		ABD2F0952049298B00B86F35 /* TestBASquare */ = {
			isa = PBXGroup;
			children = (
				ABD2F0DA204A068900B86F35 /* Images */,
				ABD2F0AE2049557800B86F35 /* Third party sources */,
				ABD2F0962049298B00B86F35 /* AppDelegate.swift */,
				ABD2F0D420498A6700B86F35 /* CitiesDataSource.swift */,
				ABD2F0982049298B00B86F35 /* ViewController.swift */,
				ABD2F0AC2049409700B86F35 /* WeatherViewController.swift */,
				ABD2F0CE2049721100B86F35 /* WeatherDataManager.swift */,
				ABD2F09A2049298B00B86F35 /* Main.storyboard */,
				ABD2F0D82049D3D300B86F35 /* WeatherContentPage.xib */,
				ABD2F09D2049298B00B86F35 /* Assets.xcassets */,
				ABD2F09F2049298B00B86F35 /* LaunchScreen.storyboard */,
				ABD2F0A22049298B00B86F35 /* Info.plist */,
			);
			path = TestBASquare;
			sourceTree = "<group>";
		};
		ABD2F0AE2049557800B86F35 /* Third party sources */ = {
			isa = PBXGroup;
			children = (
				ABD2F0AF204955FE00B86F35 /* InternetReachability */,
				ABD2F0B320495A5F00B86F35 /* OpenWeatherMapKit */,
			);
			path = "Third party sources";
			sourceTree = "<group>";
		};
		ABD2F0AF204955FE00B86F35 /* InternetReachability */ = {
			isa = PBXGroup;
			children = (
				ABD2F0B02049561A00B86F35 /* Reachability.swift */,
			);
			path = InternetReachability;
			sourceTree = "<group>";
		};
		ABD2F0B320495A5F00B86F35 /* OpenWeatherMapKit */ = {
			isa = PBXGroup;
			children = (
				ABD2F0B420495A5F00B86F35 /* Builders */,
				ABD2F0B620495A5F00B86F35 /* Constants */,
				ABD2F0B820495A5F00B86F35 /* Converters */,
				ABD2F0BA20495A5F00B86F35 /* Functions */,
				ABD2F0BC20495A5F00B86F35 /* Models */,
				ABD2F0BE20495A5F00B86F35 /* Networking */,
				ABD2F0C020495A5F00B86F35 /* OpenWeatherMapKit.swift */,
				ABD2F0C120495A5F00B86F35 /* Supporting Files */,
			);
			path = OpenWeatherMapKit;
			sourceTree = "<group>";
		};
		ABD2F0B420495A5F00B86F35 /* Builders */ = {
			isa = PBXGroup;
			children = (
				ABD2F0B520495A5F00B86F35 /* RequestBuilder.swift */,
			);
			path = Builders;
			sourceTree = "<group>";
		};
		ABD2F0B620495A5F00B86F35 /* Constants */ = {
			isa = PBXGroup;
			children = (
				ABD2F0B720495A5F00B86F35 /* Constants.swift */,
			);
			path = Constants;
			sourceTree = "<group>";
		};
		ABD2F0B820495A5F00B86F35 /* Converters */ = {
			isa = PBXGroup;
			children = (
				ABD2F0B920495A5F00B86F35 /* EntityConverters.swift */,
			);
			path = Converters;
			sourceTree = "<group>";
		};
		ABD2F0BA20495A5F00B86F35 /* Functions */ = {
			isa = PBXGroup;
			children = (
				ABD2F0BB20495A5F00B86F35 /* Functions.swift */,
			);
			path = Functions;
			sourceTree = "<group>";
		};
		ABD2F0BC20495A5F00B86F35 /* Models */ = {
			isa = PBXGroup;
			children = (
				ABD2F0BD20495A5F00B86F35 /* Models.swift */,
			);
			path = Models;
			sourceTree = "<group>";
		};
		ABD2F0BE20495A5F00B86F35 /* Networking */ = {
			isa = PBXGroup;
			children = (
				ABD2F0BF20495A5F00B86F35 /* NetworkManager.swift */,
			);
			path = Networking;
			sourceTree = "<group>";
		};
		ABD2F0C120495A5F00B86F35 /* Supporting Files */ = {
			isa = PBXGroup;
			children = (
				ABD2F0C220495A5F00B86F35 /* Info.plist */,
				ABD2F0C320495A5F00B86F35 /* OpenWeatherMapKit.h */,
			);
			path = "Supporting Files";
			sourceTree = "<group>";
		};
		ABD2F0DA204A068900B86F35 /* Images */ = {
			isa = PBXGroup;
			children = (
				AB8A1CF5204AB2A900F8F9FD /* ios11-weather-blowing-snow-icon.png */,
				AB8A1CEF204AB2A800F8F9FD /* ios11-weather-cloudy-icon.png */,
				AB8A1CF3204AB2A900F8F9FD /* ios11-weather-dust-icon.png */,
				AB8A1CF4204AB2A900F8F9FD /* ios11-weather-fog-icon.png */,
				AB8A1CED204AB2A800F8F9FD /* ios11-weather-hail-icon.png */,
				AB8A1CF2204AB2A900F8F9FD /* ios11-weather-heavy-rain-icon.png */,
				AB8A1CF6204AB2A900F8F9FD /* ios11-weather-partly-sunny-icon.png */,
				AB8A1CEE204AB2A800F8F9FD /* ios11-weather-rain-icon.png */,
				AB8A1CF7204AB2A900F8F9FD /* ios11-weather-scattered-snow-icon.png */,
				AB8A1CF1204AB2A900F8F9FD /* ios11-weather-smoke-icon.png */,
				AB8A1CEA204AB2A800F8F9FD /* ios11-weather-snow-icon.png */,
				AB8A1CEC204AB2A800F8F9FD /* ios11-weather-snow-sleet-icon.png */,
				AB8A1CEB204AB2A800F8F9FD /* ios11-weather-sunny-icon.png */,
				AB8A1CF0204AB2A800F8F9FD /* ios11-weather-thunderstorm-icon.png */,
				AB8A1D06204AB3B600F8F9FD /* no_icon.png */,
			);
			path = Images;
			sourceTree = "<group>";
		};
/* End PBXGroup section */

/* Begin PBXNativeTarget section */
		ABD2F0922049298B00B86F35 /* TestBASquare */ = {
			isa = PBXNativeTarget;
			buildConfigurationList = ABD2F0A52049298B00B86F35 /* Build configuration list for PBXNativeTarget "TestBASquare" */;
			buildPhases = (
				ABD2F08F2049298B00B86F35 /* Sources */,
				ABD2F0902049298B00B86F35 /* Frameworks */,
				ABD2F0912049298B00B86F35 /* Resources */,
			);
			buildRules = (
			);
			dependencies = (
			);
			name = TestBASquare;
			productName = TestBASquare;
			productReference = ABD2F0932049298B00B86F35 /* TestBASquare.app */;
			productType = "com.apple.product-type.application";
		};
/* End PBXNativeTarget section */

/* Begin PBXProject section */
		ABD2F08B2049298B00B86F35 /* Project object */ = {
			isa = PBXProject;
			attributes = {
				LastSwiftUpdateCheck = 0920;
				LastUpgradeCheck = 0920;
				ORGANIZATIONNAME = "Petro Novosad";
				TargetAttributes = {
					ABD2F0922049298B00B86F35 = {
						CreatedOnToolsVersion = 9.2;
						ProvisioningStyle = Automatic;
					};
				};
			};
			buildConfigurationList = ABD2F08E2049298B00B86F35 /* Build configuration list for PBXProject "TestBASquare" */;
			compatibilityVersion = "Xcode 8.0";
			developmentRegion = en;
			hasScannedForEncodings = 0;
			knownRegions = (
				en,
				Base,
			);
			mainGroup = ABD2F08A2049298B00B86F35;
			productRefGroup = ABD2F0942049298B00B86F35 /* Products */;
			projectDirPath = "";
			projectRoot = "";
			targets = (
				ABD2F0922049298B00B86F35 /* TestBASquare */,
			);
		};
/* End PBXProject section */

/* Begin PBXResourcesBuildPhase section */
		ABD2F0912049298B00B86F35 /* Resources */ = {
			isa = PBXResourcesBuildPhase;
			buildActionMask = 2147483647;
			files = (
				AB8A1D01204AB2A900F8F9FD /* ios11-weather-dust-icon.png in Resources */,
				ABD2F0CB20495A5F00B86F35 /* Info.plist in Resources */,
				AB8A1CF9204AB2A900F8F9FD /* ios11-weather-sunny-icon.png in Resources */,
				AB8A1CFD204AB2A900F8F9FD /* ios11-weather-cloudy-icon.png in Resources */,
				AB8A1CFF204AB2A900F8F9FD /* ios11-weather-smoke-icon.png in Resources */,
				ABD2F0A12049298B00B86F35 /* LaunchScreen.storyboard in Resources */,
				AB8A1D03204AB2A900F8F9FD /* ios11-weather-blowing-snow-icon.png in Resources */,
				AB8A1D02204AB2A900F8F9FD /* ios11-weather-fog-icon.png in Resources */,
				AB8A1D05204AB2A900F8F9FD /* ios11-weather-scattered-snow-icon.png in Resources */,
				AB8A1CF8204AB2A900F8F9FD /* ios11-weather-snow-icon.png in Resources */,
				ABD2F09E2049298B00B86F35 /* Assets.xcassets in Resources */,
				AB8A1D00204AB2A900F8F9FD /* ios11-weather-heavy-rain-icon.png in Resources */,
				AB8A1CFE204AB2A900F8F9FD /* ios11-weather-thunderstorm-icon.png in Resources */,
				ABD2F0D92049D3D300B86F35 /* WeatherContentPage.xib in Resources */,
				AB8A1CFB204AB2A900F8F9FD /* ios11-weather-hail-icon.png in Resources */,
				AB8A1D07204AB3B700F8F9FD /* no_icon.png in Resources */,
				AB8A1CFC204AB2A900F8F9FD /* ios11-weather-rain-icon.png in Resources */,
				AB8A1D04204AB2A900F8F9FD /* ios11-weather-partly-sunny-icon.png in Resources */,
				AB8A1CFA204AB2A900F8F9FD /* ios11-weather-snow-sleet-icon.png in Resources */,
				ABD2F09C2049298B00B86F35 /* Main.storyboard in Resources */,
			);
			runOnlyForDeploymentPostprocessing = 0;
		};
/* End PBXResourcesBuildPhase section */

/* Begin PBXSourcesBuildPhase section */
		ABD2F08F2049298B00B86F35 /* Sources */ = {
			isa = PBXSourcesBuildPhase;
			buildActionMask = 2147483647;
			files = (
				ABD2F0C620495A5F00B86F35 /* EntityConverters.swift in Sources */,
				ABD2F0C720495A5F00B86F35 /* Functions.swift in Sources */,
				ABD2F0992049298B00B86F35 /* ViewController.swift in Sources */,
				ABD2F0C920495A5F00B86F35 /* NetworkManager.swift in Sources */,
				ABD2F0972049298B00B86F35 /* AppDelegate.swift in Sources */,
				ABD2F0CA20495A5F00B86F35 /* OpenWeatherMapKit.swift in Sources */,
				ABD2F0D520498A6700B86F35 /* CitiesDataSource.swift in Sources */,
				ABD2F0C420495A5F00B86F35 /* RequestBuilder.swift in Sources */,
				ABD2F0C520495A5F00B86F35 /* Constants.swift in Sources */,
				ABD2F0CF2049721100B86F35 /* WeatherDataManager.swift in Sources */,
				ABD2F0B12049561A00B86F35 /* Reachability.swift in Sources */,
				ABD2F0AD2049409700B86F35 /* WeatherViewController.swift in Sources */,
				ABD2F0C820495A5F00B86F35 /* Models.swift in Sources */,
			);
			runOnlyForDeploymentPostprocessing = 0;
		};
/* End PBXSourcesBuildPhase section */

/* Begin PBXVariantGroup section */
		ABD2F09A2049298B00B86F35 /* Main.storyboard */ = {
			isa = PBXVariantGroup;
			children = (
				ABD2F09B2049298B00B86F35 /* Base */,
			);
			name = Main.storyboard;
			sourceTree = "<group>";
		};
		ABD2F09F2049298B00B86F35 /* LaunchScreen.storyboard */ = {
			isa = PBXVariantGroup;
			children = (
				ABD2F0A02049298B00B86F35 /* Base */,
			);
			name = LaunchScreen.storyboard;
			sourceTree = "<group>";
		};
/* End PBXVariantGroup section */

/* Begin XCBuildConfiguration section */
		ABD2F0A32049298B00B86F35 /* Debug */ = {
			isa = XCBuildConfiguration;
			buildSettings = {
				ALWAYS_SEARCH_USER_PATHS = NO;
				CLANG_ANALYZER_NONNULL = YES;
				CLANG_ANALYZER_NUMBER_OBJECT_CONVERSION = YES_AGGRESSIVE;
				CLANG_CXX_LANGUAGE_STANDARD = "gnu++14";
				CLANG_CXX_LIBRARY = "libc++";
				CLANG_ENABLE_MODULES = YES;
				CLANG_ENABLE_OBJC_ARC = YES;
				CLANG_WARN_BLOCK_CAPTURE_AUTORELEASING = YES;
				CLANG_WARN_BOOL_CONVERSION = YES;
				CLANG_WARN_COMMA = YES;
				CLANG_WARN_CONSTANT_CONVERSION = YES;
				CLANG_WARN_DIRECT_OBJC_ISA_USAGE = YES_ERROR;
				CLANG_WARN_DOCUMENTATION_COMMENTS = YES;
				CLANG_WARN_EMPTY_BODY = YES;
				CLANG_WARN_ENUM_CONVERSION = YES;
				CLANG_WARN_INFINITE_RECURSION = YES;
				CLANG_WARN_INT_CONVERSION = YES;
				CLANG_WARN_NON_LITERAL_NULL_CONVERSION = YES;
				CLANG_WARN_OBJC_LITERAL_CONVERSION = YES;
				CLANG_WARN_OBJC_ROOT_CLASS = YES_ERROR;
				CLANG_WARN_RANGE_LOOP_ANALYSIS = YES;
				CLANG_WARN_STRICT_PROTOTYPES = YES;
				CLANG_WARN_SUSPICIOUS_MOVE = YES;
				CLANG_WARN_UNGUARDED_AVAILABILITY = YES_AGGRESSIVE;
				CLANG_WARN_UNREACHABLE_CODE = YES;
				CLANG_WARN__DUPLICATE_METHOD_MATCH = YES;
				CODE_SIGN_IDENTITY = "iPhone Developer";
				COPY_PHASE_STRIP = NO;
				DEBUG_INFORMATION_FORMAT = dwarf;
				ENABLE_STRICT_OBJC_MSGSEND = YES;
				ENABLE_TESTABILITY = YES;
				GCC_C_LANGUAGE_STANDARD = gnu11;
				GCC_DYNAMIC_NO_PIC = NO;
				GCC_NO_COMMON_BLOCKS = YES;
				GCC_OPTIMIZATION_LEVEL = 0;
				GCC_PREPROCESSOR_DEFINITIONS = (
					"DEBUG=1",
					"$(inherited)",
				);
				GCC_WARN_64_TO_32_BIT_CONVERSION = YES;
				GCC_WARN_ABOUT_RETURN_TYPE = YES_ERROR;
				GCC_WARN_UNDECLARED_SELECTOR = YES;
				GCC_WARN_UNINITIALIZED_AUTOS = YES_AGGRESSIVE;
				GCC_WARN_UNUSED_FUNCTION = YES;
				GCC_WARN_UNUSED_VARIABLE = YES;
				IPHONEOS_DEPLOYMENT_TARGET = 9.3;
				MTL_ENABLE_DEBUG_INFO = YES;
				ONLY_ACTIVE_ARCH = YES;
				SDKROOT = iphoneos;
				SWIFT_ACTIVE_COMPILATION_CONDITIONS = DEBUG;
				SWIFT_OPTIMIZATION_LEVEL = "-Onone";
			};
			name = Debug;
		};
		ABD2F0A42049298B00B86F35 /* Release */ = {
			isa = XCBuildConfiguration;
			buildSettings = {
				ALWAYS_SEARCH_USER_PATHS = NO;
				CLANG_ANALYZER_NONNULL = YES;
				CLANG_ANALYZER_NUMBER_OBJECT_CONVERSION = YES_AGGRESSIVE;
				CLANG_CXX_LANGUAGE_STANDARD = "gnu++14";
				CLANG_CXX_LIBRARY = "libc++";
				CLANG_ENABLE_MODULES = YES;
				CLANG_ENABLE_OBJC_ARC = YES;
				CLANG_WARN_BLOCK_CAPTURE_AUTORELEASING = YES;
				CLANG_WARN_BOOL_CONVERSION = YES;
				CLANG_WARN_COMMA = YES;
				CLANG_WARN_CONSTANT_CONVERSION = YES;
				CLANG_WARN_DIRECT_OBJC_ISA_USAGE = YES_ERROR;
				CLANG_WARN_DOCUMENTATION_COMMENTS = YES;
				CLANG_WARN_EMPTY_BODY = YES;
				CLANG_WARN_ENUM_CONVERSION = YES;
				CLANG_WARN_INFINITE_RECURSION = YES;
				CLANG_WARN_INT_CONVERSION = YES;
				CLANG_WARN_NON_LITERAL_NULL_CONVERSION = YES;
				CLANG_WARN_OBJC_LITERAL_CONVERSION = YES;
				CLANG_WARN_OBJC_ROOT_CLASS = YES_ERROR;
				CLANG_WARN_RANGE_LOOP_ANALYSIS = YES;
				CLANG_WARN_STRICT_PROTOTYPES = YES;
				CLANG_WARN_SUSPICIOUS_MOVE = YES;
				CLANG_WARN_UNGUARDED_AVAILABILITY = YES_AGGRESSIVE;
				CLANG_WARN_UNREACHABLE_CODE = YES;
				CLANG_WARN__DUPLICATE_METHOD_MATCH = YES;
				CODE_SIGN_IDENTITY = "iPhone Developer";
				COPY_PHASE_STRIP = NO;
				DEBUG_INFORMATION_FORMAT = "dwarf-with-dsym";
				ENABLE_NS_ASSERTIONS = NO;
				ENABLE_STRICT_OBJC_MSGSEND = YES;
				GCC_C_LANGUAGE_STANDARD = gnu11;
				GCC_NO_COMMON_BLOCKS = YES;
				GCC_WARN_64_TO_32_BIT_CONVERSION = YES;
				GCC_WARN_ABOUT_RETURN_TYPE = YES_ERROR;
				GCC_WARN_UNDECLARED_SELECTOR = YES;
				GCC_WARN_UNINITIALIZED_AUTOS = YES_AGGRESSIVE;
				GCC_WARN_UNUSED_FUNCTION = YES;
				GCC_WARN_UNUSED_VARIABLE = YES;
				IPHONEOS_DEPLOYMENT_TARGET = 9.3;
				MTL_ENABLE_DEBUG_INFO = NO;
				SDKROOT = iphoneos;
				SWIFT_OPTIMIZATION_LEVEL = "-Owholemodule";
				VALIDATE_PRODUCT = YES;
			};
			name = Release;
		};
		ABD2F0A62049298B00B86F35 /* Debug */ = {
			isa = XCBuildConfiguration;
			buildSettings = {
				ASSETCATALOG_COMPILER_APPICON_NAME = AppIcon;
				CODE_SIGN_STYLE = Automatic;
				DEVELOPMENT_TEAM = R7FP75E3CN;
				INFOPLIST_FILE = TestBASquare/Info.plist;
				LD_RUNPATH_SEARCH_PATHS = "$(inherited) @executable_path/Frameworks";
				PRODUCT_BUNDLE_IDENTIFIER = com.functiongraph.TestBASquare;
				PRODUCT_NAME = "$(TARGET_NAME)";
				SWIFT_VERSION = 4.0;
				TARGETED_DEVICE_FAMILY = "1,2";
			};
			name = Debug;
		};
		ABD2F0A72049298B00B86F35 /* Release */ = {
			isa = XCBuildConfiguration;
			buildSettings = {
				ASSETCATALOG_COMPILER_APPICON_NAME = AppIcon;
				CODE_SIGN_STYLE = Automatic;
				DEVELOPMENT_TEAM = R7FP75E3CN;
				INFOPLIST_FILE = TestBASquare/Info.plist;
				LD_RUNPATH_SEARCH_PATHS = "$(inherited) @executable_path/Frameworks";
				PRODUCT_BUNDLE_IDENTIFIER = com.functiongraph.TestBASquare;
				PRODUCT_NAME = "$(TARGET_NAME)";
				SWIFT_VERSION = 4.0;
				TARGETED_DEVICE_FAMILY = "1,2";
			};
			name = Release;
		};
/* End XCBuildConfiguration section */

/* Begin XCConfigurationList section */
		ABD2F08E2049298B00B86F35 /* Build configuration list for PBXProject "TestBASquare" */ = {
			isa = XCConfigurationList;
			buildConfigurations = (
				ABD2F0A32049298B00B86F35 /* Debug */,
				ABD2F0A42049298B00B86F35 /* Release */,
			);
			defaultConfigurationIsVisible = 0;
			defaultConfigurationName = Release;
		};
		ABD2F0A52049298B00B86F35 /* Build configuration list for PBXNativeTarget "TestBASquare" */ = {
			isa = XCConfigurationList;
			buildConfigurations = (
				ABD2F0A62049298B00B86F35 /* Debug */,
				ABD2F0A72049298B00B86F35 /* Release */,
			);
			defaultConfigurationIsVisible = 0;
			defaultConfigurationName = Release;
		};
/* End XCConfigurationList section */
	};
	rootObject = ABD2F08B2049298B00B86F35 /* Project object */;
}
